
Microsoft Visual Studio Solution File, Format Version 12.00
# Visual Studio Version 16
VisualStudioVersion = 16.0.30011.22
MinimumVisualStudioVersion = 10.0.40219.1
Project("{FAE04EC0-301F-11D3-BF4B-00C04F79EFBC}") = "SalesApp.UWP", "SalesApp\SalesApp.UWP\SalesApp.UWP.csproj", "{6A5613E7-E2B4-4E8F-BDD5-9BBEDEE7F88C}"
EndProject
Project("{FAE04EC0-301F-11D3-BF4B-00C04F79EFBC}") = "SalesApp.Android", "SalesApp\SalesApp.Android\SalesApp.Android.csproj", "{2C80BDBF-17F8-46DD-9011-E9BB0DEDD3B0}"
EndProject
Project("{FAE04EC0-301F-11D3-BF4B-00C04F79EFBC}") = "SalesApp.iOS", "SalesApp\SalesApp.iOS\SalesApp.iOS.csproj", "{7EFD1232-A5DD-4A66-BFF0-367946A9D712}"
EndProject
Project("{9A19103F-16F7-4668-BE54-9A1E7A4F7556}") = "SalesApp", "SalesApp\SalesApp\SalesApp.csproj", "{A08A6DD8-7A85-446C-85B9-503E4F35BCC9}"
EndProject
Project("{FAE04EC0-301F-11D3-BF4B-00C04F79EFBC}") = "SalesBackend", "SalesBackend\SalesBackend.csproj", "{DD526C34-33DF-4FC8-8FD4-79090E48CA7B}"
EndProject
Project("{FAE04EC0-301F-11D3-BF4B-00C04F79EFBC}") = "SalesApi", "SalesApi\SalesApi.csproj", "{60DC22F5-C679-4ACA-81A5-F9F37DA74EFA}"
EndProject
Project("{FAE04EC0-301F-11D3-BF4B-00C04F79EFBC}") = "SalesDomain", "SalesDomain\SalesDomain.csproj", "{5B7D8650-CAE4-437D-9F72-EA54A8D9A78F}"
EndProject
Project("{FAE04EC0-301F-11D3-BF4B-00C04F79EFBC}") = "SalesCommon", "SalesCommon\SalesCommon.csproj", "{5E4D2AF5-B622-4E32-96F2-5C18F31730DD}"
EndProject
Global
	GlobalSection(SolutionConfigurationPlatforms) = preSolution
		Debug|Any CPU = Debug|Any CPU
		Debug|ARM = Debug|ARM
		Debug|iPhone = Debug|iPhone
		Debug|iPhoneSimulator = Debug|iPhoneSimulator
		Debug|x64 = Debug|x64
		Debug|x86 = Debug|x86
		Release|Any CPU = Release|Any CPU
		Release|ARM = Release|ARM
		Release|iPhone = Release|iPhone
		Release|iPhoneSimulator = Release|iPhoneSimulator
		Release|x64 = Release|x64
		Release|x86 = Release|x86
	EndGlobalSection
	GlobalSection(ProjectConfigurationPlatforms) = postSolution
		{6A5613E7-E2B4-4E8F-BDD5-9BBEDEE7F88C}.Debug|Any CPU.ActiveCfg = Debug|x86
		{6A5613E7-E2B4-4E8F-BDD5-9BBEDEE7F88C}.Debug|Any CPU.Build.0 = Debug|x86
		{6A5613E7-E2B4-4E8F-BDD5-9BBEDEE7F88C}.Debug|Any CPU.Deploy.0 = Debug|x86
		{6A5613E7-E2B4-4E8F-BDD5-9BBEDEE7F88C}.Debug|ARM.ActiveCfg = Debug|ARM
		{6A5613E7-E2B4-4E8F-BDD5-9BBEDEE7F88C}.Debug|ARM.Build.0 = Debug|ARM
		{6A5613E7-E2B4-4E8F-BDD5-9BBEDEE7F88C}.Debug|ARM.Deploy.0 = Debug|ARM
		{6A5613E7-E2B4-4E8F-BDD5-9BBEDEE7F88C}.Debug|iPhone.ActiveCfg = Debug|x86
		{6A5613E7-E2B4-4E8F-BDD5-9BBEDEE7F88C}.Debug|iPhone.Build.0 = Debug|x86
		{6A5613E7-E2B4-4E8F-BDD5-9BBEDEE7F88C}.Debug|iPhone.Deploy.0 = Debug|x86
		{6A5613E7-E2B4-4E8F-BDD5-9BBEDEE7F88C}.Debug|iPhoneSimulator.ActiveCfg = Debug|x86
		{6A5613E7-E2B4-4E8F-BDD5-9BBEDEE7F88C}.Debug|iPhoneSimulator.Build.0 = Debug|x86
		{6A5613E7-E2B4-4E8F-BDD5-9BBEDEE7F88C}.Debug|iPhoneSimulator.Deploy.0 = Debug|x86
		{6A5613E7-E2B4-4E8F-BDD5-9BBEDEE7F88C}.Debug|x64.ActiveCfg = Debug|x64
		{6A5613E7-E2B4-4E8F-BDD5-9BBEDEE7F88C}.Debug|x64.Build.0 = Debug|x64
		{6A5613E7-E2B4-4E8F-BDD5-9BBEDEE7F88C}.Debug|x64.Deploy.0 = Debug|x64
		{6A5613E7-E2B4-4E8F-BDD5-9BBEDEE7F88C}.Debug|x86.ActiveCfg = Debug|x86
		{6A5613E7-E2B4-4E8F-BDD5-9BBEDEE7F88C}.Debug|x86.Build.0 = Debug|x86
		{6A5613E7-E2B4-4E8F-BDD5-9BBEDEE7F88C}.Debug|x86.Deploy.0 = Debug|x86
		{6A5613E7-E2B4-4E8F-BDD5-9BBEDEE7F88C}.Release|Any CPU.ActiveCfg = Release|x86
		{6A5613E7-E2B4-4E8F-BDD5-9BBEDEE7F88C}.Release|Any CPU.Build.0 = Release|x86
		{6A5613E7-E2B4-4E8F-BDD5-9BBEDEE7F88C}.Release|Any CPU.Deploy.0 = Release|x86
		{6A5613E7-E2B4-4E8F-BDD5-9BBEDEE7F88C}.Release|ARM.ActiveCfg = Release|ARM
		{6A5613E7-E2B4-4E8F-BDD5-9BBEDEE7F88C}.Release|ARM.Build.0 = Release|ARM
		{6A5613E7-E2B4-4E8F-BDD5-9BBEDEE7F88C}.Release|ARM.Deploy.0 = Release|ARM
		{6A5613E7-E2B4-4E8F-BDD5-9BBEDEE7F88C}.Release|iPhone.ActiveCfg = Release|x86
		{6A5613E7-E2B4-4E8F-BDD5-9BBEDEE7F88C}.Release|iPhone.Build.0 = Release|x86
		{6A5613E7-E2B4-4E8F-BDD5-9BBEDEE7F88C}.Release|iPhone.Deploy.0 = Release|x86
		{6A5613E7-E2B4-4E8F-BDD5-9BBEDEE7F88C}.Release|iPhoneSimulator.ActiveCfg = Release|x86
		{6A5613E7-E2B4-4E8F-BDD5-9BBEDEE7F88C}.Release|iPhoneSimulator.Build.0 = Release|x86
		{6A5613E7-E2B4-4E8F-BDD5-9BBEDEE7F88C}.Release|iPhoneSimulator.Deploy.0 = Release|x86
		{6A5613E7-E2B4-4E8F-BDD5-9BBEDEE7F88C}.Release|x64.ActiveCfg = Release|x64
		{6A5613E7-E2B4-4E8F-BDD5-9BBEDEE7F88C}.Release|x64.Build.0 = Release|x64
		{6A5613E7-E2B4-4E8F-BDD5-9BBEDEE7F88C}.Release|x64.Deploy.0 = Release|x64
		{6A5613E7-E2B4-4E8F-BDD5-9BBEDEE7F88C}.Release|x86.ActiveCfg = Release|x86
		{6A5613E7-E2B4-4E8F-BDD5-9BBEDEE7F88C}.Release|x86.Build.0 = Release|x86
		{6A5613E7-E2B4-4E8F-BDD5-9BBEDEE7F88C}.Release|x86.Deploy.0 = Release|x86
		{2C80BDBF-17F8-46DD-9011-E9BB0DEDD3B0}.Debug|Any CPU.ActiveCfg = Debug|Any CPU
		{2C80BDBF-17F8-46DD-9011-E9BB0DEDD3B0}.Debug|Any CPU.Build.0 = Debug|Any CPU
		{2C80BDBF-17F8-46DD-9011-E9BB0DEDD3B0}.Debug|Any CPU.Deploy.0 = Debug|Any CPU
		{2C80BDBF-17F8-46DD-9011-E9BB0DEDD3B0}.Debug|ARM.ActiveCfg = Debug|Any CPU
		{2C80BDBF-17F8-46DD-9011-E9BB0DEDD3B0}.Debug|ARM.Build.0 = Debug|Any CPU
		{2C80BDBF-17F8-46DD-9011-E9BB0DEDD3B0}.Debug|ARM.Deploy.0 = Debug|Any CPU
		{2C80BDBF-17F8-46DD-9011-E9BB0DEDD3B0}.Debug|iPhone.ActiveCfg = Debug|Any CPU
		{2C80BDBF-17F8-46DD-9011-E9BB0DEDD3B0}.Debug|iPhone.Build.0 = Debug|Any CPU
		{2C80BDBF-17F8-46DD-9011-E9BB0DEDD3B0}.Debug|iPhone.Deploy.0 = Debug|Any CPU
		{2C80BDBF-17F8-46DD-9011-E9BB0DEDD3B0}.Debug|iPhoneSimulator.ActiveCfg = Debug|Any CPU
		{2C80BDBF-17F8-46DD-9011-E9BB0DEDD3B0}.Debug|iPhoneSimulator.Build.0 = Debug|Any CPU
		{2C80BDBF-17F8-46DD-9011-E9BB0DEDD3B0}.Debug|iPhoneSimulator.Deploy.0 = Debug|Any CPU
		{2C80BDBF-17F8-46DD-9011-E9BB0DEDD3B0}.Debug|x64.ActiveCfg = Debug|Any CPU
		{2C80BDBF-17F8-46DD-9011-E9BB0DEDD3B0}.Debug|x64.Build.0 = Debug|Any CPU
		{2C80BDBF-17F8-46DD-9011-E9BB0DEDD3B0}.Debug|x64.Deploy.0 = Debug|Any CPU
		{2C80BDBF-17F8-46DD-9011-E9BB0DEDD3B0}.Debug|x86.ActiveCfg = Debug|Any CPU
		{2C80BDBF-17F8-46DD-9011-E9BB0DEDD3B0}.Debug|x86.Build.0 = Debug|Any CPU
		{2C80BDBF-17F8-46DD-9011-E9BB0DEDD3B0}.Debug|x86.Deploy.0 = Debug|Any CPU
		{2C80BDBF-17F8-46DD-9011-E9BB0DEDD3B0}.Release|Any CPU.ActiveCfg = Release|Any CPU
		{2C80BDBF-17F8-46DD-9011-E9BB0DEDD3B0}.Release|Any CPU.Build.0 = Release|Any CPU
		{2C80BDBF-17F8-46DD-9011-E9BB0DEDD3B0}.Release|Any CPU.Deploy.0 = Release|Any CPU
		{2C80BDBF-17F8-46DD-9011-E9BB0DEDD3B0}.Release|ARM.ActiveCfg = Release|Any CPU
		{2C80BDBF-17F8-46DD-9011-E9BB0DEDD3B0}.Release|ARM.Build.0 = Release|Any CPU
		{2C80BDBF-17F8-46DD-9011-E9BB0DEDD3B0}.Release|ARM.Deploy.0 = Release|Any CPU
		{2C80BDBF-17F8-46DD-9011-E9BB0DEDD3B0}.Release|iPhone.ActiveCfg = Release|Any CPU
		{2C80BDBF-17F8-46DD-9011-E9BB0DEDD3B0}.Release|iPhone.Build.0 = Release|Any CPU
		{2C80BDBF-17F8-46DD-9011-E9BB0DEDD3B0}.Release|iPhone.Deploy.0 = Release|Any CPU
		{2C80BDBF-17F8-46DD-9011-E9BB0DEDD3B0}.Release|iPhoneSimulator.ActiveCfg = Release|Any CPU
		{2C80BDBF-17F8-46DD-9011-E9BB0DEDD3B0}.Release|iPhoneSimulator.Build.0 = Release|Any CPU
		{2C80BDBF-17F8-46DD-9011-E9BB0DEDD3B0}.Release|iPhoneSimulator.Deploy.0 = Release|Any CPU
		{2C80BDBF-17F8-46DD-9011-E9BB0DEDD3B0}.Release|x64.ActiveCfg = Release|Any CPU
		{2C80BDBF-17F8-46DD-9011-E9BB0DEDD3B0}.Release|x64.Build.0 = Release|Any CPU
		{2C80BDBF-17F8-46DD-9011-E9BB0DEDD3B0}.Release|x64.Deploy.0 = Release|Any CPU
		{2C80BDBF-17F8-46DD-9011-E9BB0DEDD3B0}.Release|x86.ActiveCfg = Release|Any CPU
		{2C80BDBF-17F8-46DD-9011-E9BB0DEDD3B0}.Release|x86.Build.0 = Release|Any CPU
		{2C80BDBF-17F8-46DD-9011-E9BB0DEDD3B0}.Release|x86.Deploy.0 = Release|Any CPU
		{7EFD1232-A5DD-4A66-BFF0-367946A9D712}.Debug|Any CPU.ActiveCfg = Debug|iPhone
		{7EFD1232-A5DD-4A66-BFF0-367946A9D712}.Debug|Any CPU.Build.0 = Debug|iPhone
		{7EFD1232-A5DD-4A66-BFF0-367946A9D712}.Debug|Any CPU.Deploy.0 = Debug|iPhone
		{7EFD1232-A5DD-4A66-BFF0-367946A9D712}.Debug|ARM.ActiveCfg = Debug|iPhone
		{7EFD1232-A5DD-4A66-BFF0-367946A9D712}.Debug|ARM.Build.0 = Debug|iPhone
		{7EFD1232-A5DD-4A66-BFF0-367946A9D712}.Debug|ARM.Deploy.0 = Debug|iPhone
		{7EFD1232-A5DD-4A66-BFF0-367946A9D712}.Debug|iPhone.ActiveCfg = Debug|iPhone
		{7EFD1232-A5DD-4A66-BFF0-367946A9D712}.Debug|iPhone.Build.0 = Debug|iPhone
		{7EFD1232-A5DD-4A66-BFF0-367946A9D712}.Debug|iPhone.Deploy.0 = Debug|iPhone
		{7EFD1232-A5DD-4A66-BFF0-367946A9D712}.Debug|iPhoneSimulator.ActiveCfg = Debug|iPhoneSimulator
		{7EFD1232-A5DD-4A66-BFF0-367946A9D712}.Debug|iPhoneSimulator.Build.0 = Debug|iPhoneSimulator
		{7EFD1232-A5DD-4A66-BFF0-367946A9D712}.Debug|iPhoneSimulator.Deploy.0 = Debug|iPhoneSimulator
		{7EFD1232-A5DD-4A66-BFF0-367946A9D712}.Debug|x64.ActiveCfg = Debug|iPhone
		{7EFD1232-A5DD-4A66-BFF0-367946A9D712}.Debug|x64.Build.0 = Debug|iPhone
		{7EFD1232-A5DD-4A66-BFF0-367946A9D712}.Debug|x64.Deploy.0 = Debug|iPhone
		{7EFD1232-A5DD-4A66-BFF0-367946A9D712}.Debug|x86.ActiveCfg = Debug|iPhone
		{7EFD1232-A5DD-4A66-BFF0-367946A9D712}.Debug|x86.Build.0 = Debug|iPhone
		{7EFD1232-A5DD-4A66-BFF0-367946A9D712}.Debug|x86.Deploy.0 = Debug|iPhone
		{7EFD1232-A5DD-4A66-BFF0-367946A9D712}.Release|Any CPU.ActiveCfg = Release|iPhone
		{7EFD1232-A5DD-4A66-BFF0-367946A9D712}.Release|Any CPU.Build.0 = Release|iPhone
		{7EFD1232-A5DD-4A66-BFF0-367946A9D712}.Release|Any CPU.Deploy.0 = Release|iPhone
		{7EFD1232-A5DD-4A66-BFF0-367946A9D712}.Release|ARM.ActiveCfg = Release|iPhone
		{7EFD1232-A5DD-4A66-BFF0-367946A9D712}.Release|ARM.Build.0 = Release|iPhone
		{7EFD1232-A5DD-4A66-BFF0-367946A9D712}.Release|ARM.Deploy.0 = Release|iPhone
		{7EFD1232-A5DD-4A66-BFF0-367946A9D712}.Release|iPhone.ActiveCfg = Release|iPhone
		{7EFD1232-A5DD-4A66-BFF0-367946A9D712}.Release|iPhone.Build.0 = Release|iPhone
		{7EFD1232-A5DD-4A66-BFF0-367946A9D712}.Release|iPhone.Deploy.0 = Release|iPhone
		{7EFD1232-A5DD-4A66-BFF0-367946A9D712}.Release|iPhoneSimulator.ActiveCfg = Release|iPhoneSimulator
		{7EFD1232-A5DD-4A66-BFF0-367946A9D712}.Release|iPhoneSimulator.Build.0 = Release|iPhoneSimulator
		{7EFD1232-A5DD-4A66-BFF0-367946A9D712}.Release|iPhoneSimulator.Deploy.0 = Release|iPhoneSimulator
		{7EFD1232-A5DD-4A66-BFF0-367946A9D712}.Release|x64.ActiveCfg = Release|iPhone
		{7EFD1232-A5DD-4A66-BFF0-367946A9D712}.Release|x64.Build.0 = Release|iPhone
		{7EFD1232-A5DD-4A66-BFF0-367946A9D712}.Release|x64.Deploy.0 = Release|iPhone
		{7EFD1232-A5DD-4A66-BFF0-367946A9D712}.Release|x86.ActiveCfg = Release|iPhone
		{7EFD1232-A5DD-4A66-BFF0-367946A9D712}.Release|x86.Build.0 = Release|iPhone
		{7EFD1232-A5DD-4A66-BFF0-367946A9D712}.Release|x86.Deploy.0 = Release|iPhone
		{A08A6DD8-7A85-446C-85B9-503E4F35BCC9}.Debug|Any CPU.ActiveCfg = Debug|Any CPU
		{A08A6DD8-7A85-446C-85B9-503E4F35BCC9}.Debug|Any CPU.Build.0 = Debug|Any CPU
		{A08A6DD8-7A85-446C-85B9-503E4F35BCC9}.Debug|Any CPU.Deploy.0 = Debug|Any CPU
		{A08A6DD8-7A85-446C-85B9-503E4F35BCC9}.Debug|ARM.ActiveCfg = Debug|Any CPU
		{A08A6DD8-7A85-446C-85B9-503E4F35BCC9}.Debug|ARM.Build.0 = Debug|Any CPU
		{A08A6DD8-7A85-446C-85B9-503E4F35BCC9}.Debug|ARM.Deploy.0 = Debug|Any CPU
		{A08A6DD8-7A85-446C-85B9-503E4F35BCC9}.Debug|iPhone.ActiveCfg = Debug|Any CPU
		{A08A6DD8-7A85-446C-85B9-503E4F35BCC9}.Debug|iPhone.Build.0 = Debug|Any CPU
		{A08A6DD8-7A85-446C-85B9-503E4F35BCC9}.Debug|iPhone.Deploy.0 = Debug|Any CPU
		{A08A6DD8-7A85-446C-85B9-503E4F35BCC9}.Debug|iPhoneSimulator.ActiveCfg = Debug|Any CPU
		{A08A6DD8-7A85-446C-85B9-503E4F35BCC9}.Debug|iPhoneSimulator.Build.0 = Debug|Any CPU
		{A08A6DD8-7A85-446C-85B9-503E4F35BCC9}.Debug|iPhoneSimulator.Deploy.0 = Debug|Any CPU
		{A08A6DD8-7A85-446C-85B9-503E4F35BCC9}.Debug|x64.ActiveCfg = Debug|Any CPU
		{A08A6DD8-7A85-446C-85B9-503E4F35BCC9}.Debug|x64.Build.0 = Debug|Any CPU
		{A08A6DD8-7A85-446C-85B9-503E4F35BCC9}.Debug|x64.Deploy.0 = Debug|Any CPU
		{A08A6DD8-7A85-446C-85B9-503E4F35BCC9}.Debug|x86.ActiveCfg = Debug|Any CPU
		{A08A6DD8-7A85-446C-85B9-503E4F35BCC9}.Debug|x86.Build.0 = Debug|Any CPU
		{A08A6DD8-7A85-446C-85B9-503E4F35BCC9}.Debug|x86.Deploy.0 = Debug|Any CPU
		{A08A6DD8-7A85-446C-85B9-503E4F35BCC9}.Release|Any CPU.ActiveCfg = Release|Any CPU
		{A08A6DD8-7A85-446C-85B9-503E4F35BCC9}.Release|Any CPU.Build.0 = Release|Any CPU
		{A08A6DD8-7A85-446C-85B9-503E4F35BCC9}.Release|Any CPU.Deploy.0 = Release|Any CPU
		{A08A6DD8-7A85-446C-85B9-503E4F35BCC9}.Release|ARM.ActiveCfg = Release|Any CPU
		{A08A6DD8-7A85-446C-85B9-503E4F35BCC9}.Release|ARM.Build.0 = Release|Any CPU
		{A08A6DD8-7A85-446C-85B9-503E4F35BCC9}.Release|ARM.Deploy.0 = Release|Any CPU
		{A08A6DD8-7A85-446C-85B9-503E4F35BCC9}.Release|iPhone.ActiveCfg = Release|Any CPU
		{A08A6DD8-7A85-446C-85B9-503E4F35BCC9}.Release|iPhone.Build.0 = Release|Any CPU
		{A08A6DD8-7A85-446C-85B9-503E4F35BCC9}.Release|iPhone.Deploy.0 = Release|Any CPU
		{A08A6DD8-7A85-446C-85B9-503E4F35BCC9}.Release|iPhoneSimulator.ActiveCfg = Release|Any CPU
		{A08A6DD8-7A85-446C-85B9-503E4F35BCC9}.Release|iPhoneSimulator.Build.0 = Release|Any CPU
		{A08A6DD8-7A85-446C-85B9-503E4F35BCC9}.Release|iPhoneSimulator.Deploy.0 = Release|Any CPU
		{A08A6DD8-7A85-446C-85B9-503E4F35BCC9}.Release|x64.ActiveCfg = Release|Any CPU
		{A08A6DD8-7A85-446C-85B9-503E4F35BCC9}.Release|x64.Build.0 = Release|Any CPU
		{A08A6DD8-7A85-446C-85B9-503E4F35BCC9}.Release|x64.Deploy.0 = Release|Any CPU
		{A08A6DD8-7A85-446C-85B9-503E4F35BCC9}.Release|x86.ActiveCfg = Release|Any CPU
		{A08A6DD8-7A85-446C-85B9-503E4F35BCC9}.Release|x86.Build.0 = Release|Any CPU
		{A08A6DD8-7A85-446C-85B9-503E4F35BCC9}.Release|x86.Deploy.0 = Release|Any CPU
		{DD526C34-33DF-4FC8-8FD4-79090E48CA7B}.Debug|Any CPU.ActiveCfg = Debug|Any CPU
		{DD526C34-33DF-4FC8-8FD4-79090E48CA7B}.Debug|Any CPU.Build.0 = Debug|Any CPU
		{DD526C34-33DF-4FC8-8FD4-79090E48CA7B}.Debug|ARM.ActiveCfg = Debug|Any CPU
		{DD526C34-33DF-4FC8-8FD4-79090E48CA7B}.Debug|ARM.Build.0 = Debug|Any CPU
		{DD526C34-33DF-4FC8-8FD4-79090E48CA7B}.Debug|iPhone.ActiveCfg = Debug|Any CPU
		{DD526C34-33DF-4FC8-8FD4-79090E48CA7B}.Debug|iPhone.Build.0 = Debug|Any CPU
		{DD526C34-33DF-4FC8-8FD4-79090E48CA7B}.Debug|iPhoneSimulator.ActiveCfg = Debug|Any CPU
		{DD526C34-33DF-4FC8-8FD4-79090E48CA7B}.Debug|iPhoneSimulator.Build.0 = Debug|Any CPU
		{DD526C34-33DF-4FC8-8FD4-79090E48CA7B}.Debug|x64.ActiveCfg = Debug|Any CPU
		{DD526C34-33DF-4FC8-8FD4-79090E48CA7B}.Debug|x64.Build.0 = Debug|Any CPU
		{DD526C34-33DF-4FC8-8FD4-79090E48CA7B}.Debug|x86.ActiveCfg = Debug|Any CPU
		{DD526C34-33DF-4FC8-8FD4-79090E48CA7B}.Debug|x86.Build.0 = Debug|Any CPU
		{DD526C34-33DF-4FC8-8FD4-79090E48CA7B}.Release|Any CPU.ActiveCfg = Release|Any CPU
		{DD526C34-33DF-4FC8-8FD4-79090E48CA7B}.Release|Any CPU.Build.0 = Release|Any CPU
		{DD526C34-33DF-4FC8-8FD4-79090E48CA7B}.Release|ARM.ActiveCfg = Release|Any CPU
		{DD526C34-33DF-4FC8-8FD4-79090E48CA7B}.Release|ARM.Build.0 = Release|Any CPU
		{DD526C34-33DF-4FC8-8FD4-79090E48CA7B}.Release|iPhone.ActiveCfg = Release|Any CPU
		{DD526C34-33DF-4FC8-8FD4-79090E48CA7B}.Release|iPhone.Build.0 = Release|Any CPU
		{DD526C34-33DF-4FC8-8FD4-79090E48CA7B}.Release|iPhoneSimulator.ActiveCfg = Release|Any CPU
		{DD526C34-33DF-4FC8-8FD4-79090E48CA7B}.Release|iPhoneSimulator.Build.0 = Release|Any CPU
		{DD526C34-33DF-4FC8-8FD4-79090E48CA7B}.Release|x64.ActiveCfg = Release|Any CPU
		{DD526C34-33DF-4FC8-8FD4-79090E48CA7B}.Release|x64.Build.0 = Release|Any CPU
		{DD526C34-33DF-4FC8-8FD4-79090E48CA7B}.Release|x86.ActiveCfg = Release|Any CPU
		{DD526C34-33DF-4FC8-8FD4-79090E48CA7B}.Release|x86.Build.0 = Release|Any CPU
		{60DC22F5-C679-4ACA-81A5-F9F37DA74EFA}.Debug|Any CPU.ActiveCfg = Debug|Any CPU
		{60DC22F5-C679-4ACA-81A5-F9F37DA74EFA}.Debug|Any CPU.Build.0 = Debug|Any CPU
		{60DC22F5-C679-4ACA-81A5-F9F37DA74EFA}.Debug|ARM.ActiveCfg = Debug|Any CPU
		{60DC22F5-C679-4ACA-81A5-F9F37DA74EFA}.Debug|ARM.Build.0 = Debug|Any CPU
		{60DC22F5-C679-4ACA-81A5-F9F37DA74EFA}.Debug|iPhone.ActiveCfg = Debug|Any CPU
		{60DC22F5-C679-4ACA-81A5-F9F37DA74EFA}.Debug|iPhone.Build.0 = Debug|Any CPU
		{60DC22F5-C679-4ACA-81A5-F9F37DA74EFA}.Debug|iPhoneSimulator.ActiveCfg = Debug|Any CPU
		{60DC22F5-C679-4ACA-81A5-F9F37DA74EFA}.Debug|iPhoneSimulator.Build.0 = Debug|Any CPU
		{60DC22F5-C679-4ACA-81A5-F9F37DA74EFA}.Debug|x64.ActiveCfg = Debug|Any CPU
		{60DC22F5-C679-4ACA-81A5-F9F37DA74EFA}.Debug|x64.Build.0 = Debug|Any CPU
		{60DC22F5-C679-4ACA-81A5-F9F37DA74EFA}.Debug|x86.ActiveCfg = Debug|Any CPU
		{60DC22F5-C679-4ACA-81A5-F9F37DA74EFA}.Debug|x86.Build.0 = Debug|Any CPU
		{60DC22F5-C679-4ACA-81A5-F9F37DA74EFA}.Release|Any CPU.ActiveCfg = Release|Any CPU
		{60DC22F5-C679-4ACA-81A5-F9F37DA74EFA}.Release|Any CPU.Build.0 = Release|Any CPU
		{60DC22F5-C679-4ACA-81A5-F9F37DA74EFA}.Release|ARM.ActiveCfg = Release|Any CPU
		{60DC22F5-C679-4ACA-81A5-F9F37DA74EFA}.Release|ARM.Build.0 = Release|Any CPU
		{60DC22F5-C679-4ACA-81A5-F9F37DA74EFA}.Release|iPhone.ActiveCfg = Release|Any CPU
		{60DC22F5-C679-4ACA-81A5-F9F37DA74EFA}.Release|iPhone.Build.0 = Release|Any CPU
		{60DC22F5-C679-4ACA-81A5-F9F37DA74EFA}.Release|iPhoneSimulator.ActiveCfg = Release|Any CPU
		{60DC22F5-C679-4ACA-81A5-F9F37DA74EFA}.Release|iPhoneSimulator.Build.0 = Release|Any CPU
		{60DC22F5-C679-4ACA-81A5-F9F37DA74EFA}.Release|x64.ActiveCfg = Release|Any CPU
		{60DC22F5-C679-4ACA-81A5-F9F37DA74EFA}.Release|x64.Build.0 = Release|Any CPU
		{60DC22F5-C679-4ACA-81A5-F9F37DA74EFA}.Release|x86.ActiveCfg = Release|Any CPU
		{60DC22F5-C679-4ACA-81A5-F9F37DA74EFA}.Release|x86.Build.0 = Release|Any CPU
		{5B7D8650-CAE4-437D-9F72-EA54A8D9A78F}.Debug|Any CPU.ActiveCfg = Debug|Any CPU
		{5B7D8650-CAE4-437D-9F72-EA54A8D9A78F}.Debug|Any CPU.Build.0 = Debug|Any CPU
		{5B7D8650-CAE4-437D-9F72-EA54A8D9A78F}.Debug|ARM.ActiveCfg = Debug|Any CPU
		{5B7D8650-CAE4-437D-9F72-EA54A8D9A78F}.Debug|ARM.Build.0 = Debug|Any CPU
		{5B7D8650-CAE4-437D-9F72-EA54A8D9A78F}.Debug|iPhone.ActiveCfg = Debug|Any CPU
		{5B7D8650-CAE4-437D-9F72-EA54A8D9A78F}.Debug|iPhone.Build.0 = Debug|Any CPU
		{5B7D8650-CAE4-437D-9F72-EA54A8D9A78F}.Debug|iPhoneSimulator.ActiveCfg = Debug|Any CPU
		{5B7D8650-CAE4-437D-9F72-EA54A8D9A78F}.Debug|iPhoneSimulator.Build.0 = Debug|Any CPU
		{5B7D8650-CAE4-437D-9F72-EA54A8D9A78F}.Debug|x64.ActiveCfg = Debug|Any CPU
		{5B7D8650-CAE4-437D-9F72-EA54A8D9A78F}.Debug|x64.Build.0 = Debug|Any CPU
		{5B7D8650-CAE4-437D-9F72-EA54A8D9A78F}.Debug|x86.ActiveCfg = Debug|Any CPU
		{5B7D8650-CAE4-437D-9F72-EA54A8D9A78F}.Debug|x86.Build.0 = Debug|Any CPU
		{5B7D8650-CAE4-437D-9F72-EA54A8D9A78F}.Release|Any CPU.ActiveCfg = Release|Any CPU
		{5B7D8650-CAE4-437D-9F72-EA54A8D9A78F}.Release|Any CPU.Build.0 = Release|Any CPU
		{5B7D8650-CAE4-437D-9F72-EA54A8D9A78F}.Release|ARM.ActiveCfg = Release|Any CPU
		{5B7D8650-CAE4-437D-9F72-EA54A8D9A78F}.Release|ARM.Build.0 = Release|Any CPU
		{5B7D8650-CAE4-437D-9F72-EA54A8D9A78F}.Release|iPhone.ActiveCfg = Release|Any CPU
		{5B7D8650-CAE4-437D-9F72-EA54A8D9A78F}.Release|iPhone.Build.0 = Release|Any CPU
		{5B7D8650-CAE4-437D-9F72-EA54A8D9A78F}.Release|iPhoneSimulator.ActiveCfg = Release|Any CPU
		{5B7D8650-CAE4-437D-9F72-EA54A8D9A78F}.Release|iPhoneSimulator.Build.0 = Release|Any CPU
		{5B7D8650-CAE4-437D-9F72-EA54A8D9A78F}.Release|x64.ActiveCfg = Release|Any CPU
		{5B7D8650-CAE4-437D-9F72-EA54A8D9A78F}.Release|x64.Build.0 = Release|Any CPU
		{5B7D8650-CAE4-437D-9F72-EA54A8D9A78F}.Release|x86.ActiveCfg = Release|Any CPU
		{5B7D8650-CAE4-437D-9F72-EA54A8D9A78F}.Release|x86.Build.0 = Release|Any CPU
		{5E4D2AF5-B622-4E32-96F2-5C18F31730DD}.Debug|Any CPU.ActiveCfg = Debug|Any CPU
		{5E4D2AF5-B622-4E32-96F2-5C18F31730DD}.Debug|Any CPU.Build.0 = Debug|Any CPU
		{5E4D2AF5-B622-4E32-96F2-5C18F31730DD}.Debug|ARM.ActiveCfg = Debug|Any CPU
		{5E4D2AF5-B622-4E32-96F2-5C18F31730DD}.Debug|ARM.Build.0 = Debug|Any CPU
		{5E4D2AF5-B622-4E32-96F2-5C18F31730DD}.Debug|iPhone.ActiveCfg = Debug|Any CPU
		{5E4D2AF5-B622-4E32-96F2-5C18F31730DD}.Debug|iPhone.Build.0 = Debug|Any CPU
		{5E4D2AF5-B622-4E32-96F2-5C18F31730DD}.Debug|iPhoneSimulator.ActiveCfg = Debug|Any CPU
		{5E4D2AF5-B622-4E32-96F2-5C18F31730DD}.Debug|iPhoneSimulator.Build.0 = Debug|Any CPU
		{5E4D2AF5-B622-4E32-96F2-5C18F31730DD}.Debug|x64.ActiveCfg = Debug|Any CPU
		{5E4D2AF5-B622-4E32-96F2-5C18F31730DD}.Debug|x64.Build.0 = Debug|Any CPU
		{5E4D2AF5-B622-4E32-96F2-5C18F31730DD}.Debug|x86.ActiveCfg = Debug|Any CPU
		{5E4D2AF5-B622-4E32-96F2-5C18F31730DD}.Debug|x86.Build.0 = Debug|Any CPU
		{5E4D2AF5-B622-4E32-96F2-5C18F31730DD}.Release|Any CPU.ActiveCfg = Release|Any CPU
		{5E4D2AF5-B622-4E32-96F2-5C18F31730DD}.Release|Any CPU.Build.0 = Release|Any CPU
		{5E4D2AF5-B622-4E32-96F2-5C18F31730DD}.Release|ARM.ActiveCfg = Release|Any CPU
		{5E4D2AF5-B622-4E32-96F2-5C18F31730DD}.Release|ARM.Build.0 = Release|Any CPU
		{5E4D2AF5-B622-4E32-96F2-5C18F31730DD}.Release|iPhone.ActiveCfg = Release|Any CPU
		{5E4D2AF5-B622-4E32-96F2-5C18F31730DD}.Release|iPhone.Build.0 = Release|Any CPU
		{5E4D2AF5-B622-4E32-96F2-5C18F31730DD}.Release|iPhoneSimulator.ActiveCfg = Release|Any CPU
		{5E4D2AF5-B622-4E32-96F2-5C18F31730DD}.Release|iPhoneSimulator.Build.0 = Release|Any CPU
		{5E4D2AF5-B622-4E32-96F2-5C18F31730DD}.Release|x64.ActiveCfg = Release|Any CPU
		{5E4D2AF5-B622-4E32-96F2-5C18F31730DD}.Release|x64.Build.0 = Release|Any CPU
		{5E4D2AF5-B622-4E32-96F2-5C18F31730DD}.Release|x86.ActiveCfg = Release|Any CPU
		{5E4D2AF5-B622-4E32-96F2-5C18F31730DD}.Release|x86.Build.0 = Release|Any CPU
	EndGlobalSection
	GlobalSection(SolutionProperties) = preSolution
		HideSolutionNode = FALSE
	EndGlobalSection
	GlobalSection(ExtensibilityGlobals) = postSolution
		RESX_PrefixTranslations = False
		SolutionGuid = {541F64A4-A477-43BC-9C00-2EB34DD9F1C4}
	EndGlobalSection
EndGlobal
